{
  "name": "zipviewer",
  "version": "0.0.1",
  "lockfileVersion": 3,
  "requires": true,
  "packages": {
    "": {
      "name": "zipviewer",
      "version": "0.0.1",
      "dependencies": {
        "jszip": "^3.10.1"
      },
      "devDependencies": {
        "@types/node": "^20.0.0",
        "@types/vscode": "^1.80.0",
        "esbuild": "^0.21.0",
        "typescript": "^5.4.0"
      },
      "engines": {
        "vscode": "^1.80.0"
      }
    },
    "node_modules/@esbuild/aix-ppc64": {
      "version": "0.21.5",
      "resolved": "https://registry.npm.wps.cn/@esbuild/aix-ppc64/download/@esbuild/aix-ppc64-0.21.5.tgz",
      "integrity": "sha1-xxhKMmUz/N8bjuBzPiHHE7l1V18=",
      "cpu": [
        "ppc64"
      ],
      "dev": true,
      "license": "MIT",
      "optional": true,
      "os": [
        "aix"
      ],
      "engines": {
        "node": ">=12"
      }
    },
    "node_modules/@esbuild/android-arm": {
      "version": "0.21.5",
      "resolved": "https://registry.npm.wps.cn/@esbuild/android-arm/download/@esbuild/android-arm-0.21.5.tgz",
      "integrity": "sha1-mwQ4T7dxkm36bXrQQyTssqubLig=",
      "cpu": [
        "arm"
      ],
      "dev": true,
      "license": "MIT",
      "optional": true,
      "os": [
        "android"
      ],
      "engines": {
        "node": ">=12"
      }
    },
    "node_modules/@esbuild/android-arm64": {
      "version": "0.21.5",
      "resolved": "https://registry.npm.wps.cn/@esbuild/android-arm64/download/@esbuild/android-arm64-0.21.5.tgz",
      "integrity": "sha1-Cdm0NXeA2p6jp9+4M6Hx/0ObQFI=",
      "cpu": [
        "arm64"
      ],
      "dev": true,
      "license": "MIT",
      "optional": true,
      "os": [
        "android"
      ],
      "engines": {
        "node": ">=12"
      }
    },
    "node_modules/@esbuild/android-x64": {
      "version": "0.21.5",
      "resolved": "https://registry.npm.wps.cn/@esbuild/android-x64/download/@esbuild/android-x64-0.21.5.tgz",
      "integrity": "sha1-KZGOwtt1TO3LbBsE3ozWVHr2Rh4=",
      "cpu": [
        "x64"
      ],
      "dev": true,
      "license": "MIT",
      "optional": true,
      "os": [
        "android"
      ],
      "engines": {
        "node": ">=12"
      }
    },
    "node_modules/@esbuild/darwin-arm64": {
      "version": "0.21.5",
      "resolved": "https://registry.npm.wps.cn/@esbuild/darwin-arm64/download/@esbuild/darwin-arm64-0.21.5.tgz",
      "integrity": "sha1-5JW1OWYOUWkPOSivUKdvsKbM/yo=",
      "cpu": [
        "arm64"
      ],
      "dev": true,
      "license": "MIT",
      "optional": true,
      "os": [
        "darwin"
      ],
      "engines": {
        "node": ">=12"
      }
    },
    "node_modules/@esbuild/darwin-x64": {
      "version": "0.21.5",
      "resolved": "https://registry.npm.wps.cn/@esbuild/darwin-x64/download/@esbuild/darwin-x64-0.21.5.tgz",
      "integrity": "sha1-wTg4+lc3KDmr3dyR1xVCzuouHiI=",
      "cpu": [
        "x64"
      ],
      "dev": true,
      "license": "MIT",
      "optional": true,
      "os": [
        "darwin"
      ],
      "engines": {
        "node": ">=12"
      }
    },
    "node_modules/@esbuild/freebsd-arm64": {
      "version": "0.21.5",
      "resolved": "https://registry.npm.wps.cn/@esbuild/freebsd-arm64/download/@esbuild/freebsd-arm64-0.21.5.tgz",
      "integrity": "sha1-ZGuYmqIL+J/Qcd1dv61po1QuVQ4=",
      "cpu": [
        "arm64"
      ],
      "dev": true,
      "license": "MIT",
      "optional": true,
      "os": [
        "freebsd"
      ],
      "engines": {
        "node": ">=12"
      }
    },
    "node_modules/@esbuild/freebsd-x64": {
      "version": "0.21.5",
      "resolved": "https://registry.npm.wps.cn/@esbuild/freebsd-x64/download/@esbuild/freebsd-x64-0.21.5.tgz",
      "integrity": "sha1-qmFc/ICvlU00WJBuOMoiwYz1wmE=",
      "cpu": [
        "x64"
      ],
      "dev": true,
      "license": "MIT",
      "optional": true,
      "os": [
        "freebsd"
      ],
      "engines": {
        "node": ">=12"
      }
    },
    "node_modules/@esbuild/linux-arm": {
      "version": "0.21.5",
      "resolved": "https://registry.npm.wps.cn/@esbuild/linux-arm/download/@esbuild/linux-arm-0.21.5.tgz",
      "integrity": "sha1-/G/RGorKVsH284lPK+oEefj2Jrk=",
      "cpu": [
        "arm"
      ],
      "dev": true,
      "license": "MIT",
      "optional": true,
      "os": [
        "linux"
      ],
      "engines": {
        "node": ">=12"
      }
    },
    "node_modules/@esbuild/linux-arm64": {
      "version": "0.21.5",
      "resolved": "https://registry.npm.wps.cn/@esbuild/linux-arm64/download/@esbuild/linux-arm64-0.21.5.tgz",
      "integrity": "sha1-cKxvoU9ct+H3+Ie8/7aArQmSK1s=",
      "cpu": [
        "arm64"
      ],
      "dev": true,
      "license": "MIT",
      "optional": true,
      "os": [
        "linux"
      ],
      "engines": {
        "node": ">=12"
      }
    },
    "node_modules/@esbuild/linux-ia32": {
      "version": "0.21.5",
      "resolved": "https://registry.npm.wps.cn/@esbuild/linux-ia32/download/@esbuild/linux-ia32-0.21.5.tgz",
      "integrity": "sha1-MnH1Oz+T49CT1RjRZJ1taNNG7eI=",
      "cpu": [
        "ia32"
      ],
      "dev": true,
      "license": "MIT",
      "optional": true,
      "os": [
        "linux"
      ],
      "engines": {
        "node": ">=12"
      }
    },
    "node_modules/@esbuild/linux-loong64": {
      "version": "0.21.5",
      "resolved": "https://registry.npm.wps.cn/@esbuild/linux-loong64/download/@esbuild/linux-loong64-0.21.5.tgz",
      "integrity": "sha1-7WLgQjjFcCauqDHFoTC3PA+fJt8=",
      "cpu": [
        "loong64"
      ],
      "dev": true,
      "license": "MIT",
      "optional": true,
      "os": [
        "linux"
      ],
      "engines": {
        "node": ">=12"
      }
    },
    "node_modules/@esbuild/linux-mips64el": {
      "version": "0.21.5",
      "resolved": "https://registry.npm.wps.cn/@esbuild/linux-mips64el/download/@esbuild/linux-mips64el-0.21.5.tgz",
      "integrity": "sha1-55uOtIvzsQb63sGsgkD7l7TmTL4=",
      "cpu": [
        "mips64el"
      ],
      "dev": true,
      "license": "MIT",
      "optional": true,
      "os": [
        "linux"
      ],
      "engines": {
        "node": ">=12"
      }
    },
    "node_modules/@esbuild/linux-ppc64": {
      "version": "0.21.5",
      "resolved": "https://registry.npm.wps.cn/@esbuild/linux-ppc64/download/@esbuild/linux-ppc64-0.21.5.tgz",
      "integrity": "sha1-XyIDhgoUO5kZ04PvdXNSH7FUw+Q=",
      "cpu": [
        "ppc64"
      ],
      "dev": true,
      "license": "MIT",
      "optional": true,
      "os": [
        "linux"
      ],
      "engines": {
        "node": ">=12"
      }
    },
    "node_modules/@esbuild/linux-riscv64": {
      "version": "0.21.5",
      "resolved": "https://registry.npm.wps.cn/@esbuild/linux-riscv64/download/@esbuild/linux-riscv64-0.21.5.tgz",
      "integrity": "sha1-B7yv2ZMi1a9i9hjLnmqbf0u4Jdw=",
      "cpu": [
        "riscv64"
      ],
      "dev": true,
      "license": "MIT",
      "optional": true,
      "os": [
        "linux"
      ],
      "engines": {
        "node": ">=12"
      }
    },
    "node_modules/@esbuild/linux-s390x": {
      "version": "0.21.5",
      "resolved": "https://registry.npm.wps.cn/@esbuild/linux-s390x/download/@esbuild/linux-s390x-0.21.5.tgz",
      "integrity": "sha1-t8z2hnUdaj5EuGJ6uryL4+9i2N4=",
      "cpu": [
        "s390x"
      ],
      "dev": true,
      "license": "MIT",
      "optional": true,
      "os": [
        "linux"
      ],
      "engines": {
        "node": ">=12"
      }
    },
    "node_modules/@esbuild/linux-x64": {
      "version": "0.21.5",
      "resolved": "https://registry.npm.wps.cn/@esbuild/linux-x64/download/@esbuild/linux-x64-0.21.5.tgz",
      "integrity": "sha1-bY8Mdo4HDmQwmvgAS7lOaKsrs7A=",
      "cpu": [
        "x64"
      ],
      "dev": true,
      "license": "MIT",
      "optional": true,
      "os": [
        "linux"
      ],
      "engines": {
        "node": ">=12"
      }
    },
    "node_modules/@esbuild/netbsd-x64": {
      "version": "0.21.5",
      "resolved": "https://registry.npm.wps.cn/@esbuild/netbsd-x64/download/@esbuild/netbsd-x64-0.21.5.tgz",
      "integrity": "sha1-u+Qw9g03jsuI3sshnGAmZzh6YEc=",
      "cpu": [
        "x64"
      ],
      "dev": true,
      "license": "MIT",
      "optional": true,
      "os": [
        "netbsd"
      ],
      "engines": {
        "node": ">=12"
      }
    },
    "node_modules/@esbuild/openbsd-x64": {
      "version": "0.21.5",
      "resolved": "https://registry.npm.wps.cn/@esbuild/openbsd-x64/download/@esbuild/openbsd-x64-0.21.5.tgz",
      "integrity": "sha1-mdHPKTcnlWDSEEgh9czOIgyyr3A=",
      "cpu": [
        "x64"
      ],
      "dev": true,
      "license": "MIT",
      "optional": true,
      "os": [
        "openbsd"
      ],
      "engines": {
        "node": ">=12"
      }
    },
    "node_modules/@esbuild/sunos-x64": {
      "version": "0.21.5",
      "resolved": "https://registry.npm.wps.cn/@esbuild/sunos-x64/download/@esbuild/sunos-x64-0.21.5.tgz",
      "integrity": "sha1-CHQVEsENUpVmurqDe0/gUsjzSHs=",
      "cpu": [
        "x64"
      ],
      "dev": true,
      "license": "MIT",
      "optional": true,
      "os": [
        "sunos"
      ],
      "engines": {
        "node": ">=12"
      }
    },
    "node_modules/@esbuild/win32-arm64": {
      "version": "0.21.5",
      "resolved": "https://registry.npm.wps.cn/@esbuild/win32-arm64/download/@esbuild/win32-arm64-0.21.5.tgz",
      "integrity": "sha1-Z1tzhTmEESQHNQFhRKsumaYPx10=",
      "cpu": [
        "arm64"
      ],
      "dev": true,
      "license": "MIT",
      "optional": true,
      "os": [
        "win32"
      ],
      "engines": {
        "node": ">=12"
      }
    },
    "node_modules/@esbuild/win32-ia32": {
      "version": "0.21.5",
      "resolved": "https://registry.npm.wps.cn/@esbuild/win32-ia32/download/@esbuild/win32-ia32-0.21.5.tgz",
      "integrity": "sha1-G/w86YqmypoJaeTSr3IUTFnBGTs=",
      "cpu": [
        "ia32"
      ],
      "dev": true,
      "license": "MIT",
      "optional": true,
      "os": [
        "win32"
      ],
      "engines": {
        "node": ">=12"
      }
    },
    "node_modules/@esbuild/win32-x64": {
      "version": "0.21.5",
      "resolved": "https://registry.npm.wps.cn/@esbuild/win32-x64/download/@esbuild/win32-x64-0.21.5.tgz",
      "integrity": "sha1-rK01HVgtFXuxRVNdsqb/U91RS1w=",
      "cpu": [
        "x64"
      ],
      "dev": true,
      "license": "MIT",
      "optional": true,
      "os": [
        "win32"
      ],
      "engines": {
        "node": ">=12"
      }
    },
    "node_modules/@types/node": {
      "version": "20.19.41",
      "resolved": "https://registry.npm.wps.cn/@types/node/download/@types/node-20.19.41.tgz",
      "integrity": "sha1-uyZqHgqqL0U30Uro6/I43ZynPOY=",
      "dev": true,
      "license": "MIT",
      "dependencies": {
        "undici-types": "~6.21.0"
      }
    },
    "node_modules/@types/vscode": {
      "version": "1.109.0",
      "resolved": "https://registry.npm.wps.cn/@types/vscode/download/@types/vscode-1.109.0.tgz",
      "integrity": "sha1-Bi393199+c82A46QCuZ0Ia5pCRs=",
      "dev": true,
      "license": "MIT"
    },
    "node_modules/core-util-is": {
      "version": "1.0.3",
      "resolved": "https://registry.npm.wps.cn/core-util-is/download/core-util-is-1.0.3.tgz",
      "integrity": "sha1-pgQtNjTCsn6TKPg3uWX6yDgI24U=",
      "license": "MIT"
    },
    "node_modules/esbuild": {
      "version": "0.21.5",
      "resolved": "https://registry.npm.wps.cn/esbuild/download/esbuild-0.21.5.tgz",
      "integrity": "sha1-nKMBsSCSKVm3ZjYNisgw2g0CmX0=",
      "dev": true,
      "hasInstallScript": true,
      "license": "MIT",
      "bin": {
        "esbuild": "bin/esbuild"
      },
      "engines": {
        "node": ">=12"
      },
      "optionalDependencies": {
        "@esbuild/aix-ppc64": "0.21.5",
        "@esbuild/android-arm": "0.21.5",
        "@esbuild/android-arm64": "0.21.5",
        "@esbuild/android-x64": "0.21.5",
        "@esbuild/darwin-arm64": "0.21.5",
        "@esbuild/darwin-x64": "0.21.5",
        "@esbuild/freebsd-arm64": "0.21.5",
        "@esbuild/freebsd-x64": "0.21.5",
        "@esbuild/linux-arm": "0.21.5",
        "@esbuild/linux-arm64": "0.21.5",
        "@esbuild/linux-ia32": "0.21.5",
        "@esbuild/linux-loong64": "0.21.5",
        "@esbuild/linux-mips64el": "0.21.5",
        "@esbuild/linux-ppc64": "0.21.5",
        "@esbuild/linux-riscv64": "0.21.5",
        "@esbuild/linux-s390x": "0.21.5",
        "@esbuild/linux-x64": "0.21.5",
        "@esbuild/netbsd-x64": "0.21.5",
        "@esbuild/openbsd-x64": "0.21.5",
        "@esbuild/sunos-x64": "0.21.5",
        "@esbuild/win32-arm64": "0.21.5",
        "@esbuild/win32-ia32": "0.21.5",
        "@esbuild/win32-x64": "0.21.5"
      }
    },
    "node_modules/immediate": {
      "version": "3.0.6",
      "resolved": "https://registry.npm.wps.cn/immediate/download/immediate-3.0.6.tgz",
      "integrity": "sha1-nbHb0Pr43m++D13V5Wu2BigN5ps=",
      "license": "MIT"
    },
    "node_modules/inherits": {
      "version": "2.0.4",
      "resolved": "https://registry.npm.wps.cn/inherits/download/inherits-2.0.4.tgz",
      "integrity": "sha1-D6LGT5MpF8NDOg3tVTY6rjdBa3w=",
      "license": "ISC"
    },
    "node_modules/isarray": {
      "version": "1.0.0",
      "resolved": "https://registry.npm.wps.cn/isarray/download/isarray-1.0.0.tgz",
      "integrity": "sha1-u5NdSFgsuhaMBoNJV6VKPgcSTxE=",
      "license": "MIT"
    },
    "node_modules/jszip": {
      "version": "3.10.1",
      "resolved": "https://registry.npm.wps.cn/jszip/download/jszip-3.10.1.tgz",
      "integrity": "sha1-NK7nDrGOofrsL1iSCKFX0f6wkcI=",
      "license": "(MIT OR GPL-3.0-or-later)",
      "dependencies": {
        "lie": "~3.3.0",
        "pako": "~1.0.2",
        "readable-stream": "~2.3.6",
        "setimmediate": "^1.0.5"
      }
    },
    "node_modules/lie": {
      "version": "3.3.0",
      "resolved": "https://registry.npm.wps.cn/lie/download/lie-3.3.0.tgz",
      "integrity": "sha1-3Pgt7lRfRgdNryAMfBxaCOD0D2o=",
      "license": "MIT",
      "dependencies": {
        "immediate": "~3.0.5"
      }
    },
    "node_modules/pako": {
      "version": "1.0.11",
      "resolved": "https://registry.npm.wps.cn/pako/download/pako-1.0.11.tgz",
      "integrity": "sha1-bJWZ00DVTf05RjgCUqNXBaa5kr8=",
      "license": "(MIT AND Zlib)"
    },
    "node_modules/process-nextick-args": {
      "version": "2.0.1",
      "resolved": "https://registry.npm.wps.cn/process-nextick-args/download/process-nextick-args-2.0.1.tgz",
      "integrity": "sha1-eCDZsWEgzFXKmud5JoCufbptf+I=",
      "license": "MIT"
    },
    "node_modules/readable-stream": {
      "version": "2.3.8",
      "resolved": "https://registry.npm.wps.cn/readable-stream/download/readable-stream-2.3.8.tgz",
      "integrity": "sha1-kRJegEK7obmIf0k0X2J3Anzovps=",
      "license": "MIT",
      "dependencies": {
        "core-util-is": "~1.0.0",
        "inherits": "~2.0.3",
        "isarray": "~1.0.0",
        "process-nextick-args": "~2.0.0",
        "safe-buffer": "~5.1.1",
        "string_decoder": "~1.1.1",
        "util-deprecate": "~1.0.1"
      }
    },
    "node_modules/safe-buffer": {
      "version": "5.1.2",
      "resolved": "https://registry.npm.wps.cn/safe-buffer/download/safe-buffer-5.1.2.tgz",
      "integrity": "sha1-mR7GnSluAxN0fVm9/St0XDX4go0=",
      "license": "MIT"
    },
    "node_modules/setimmediate": {
      "version": "1.0.5",
      "resolved": "https://registry.npm.wps.cn/setimmediate/download/setimmediate-1.0.5.tgz",
      "integrity": "sha1-KQy7Iy4waULX1+qbg3Mqt4VvgoU=",
      "license": "MIT"
    },
    "node_modules/string_decoder": {
      "version": "1.1.1",
      "resolved": "https://registry.npm.wps.cn/string_decoder/download/string_decoder-1.1.1.tgz",
      "integrity": "sha1-nPFhG6YmhdcDCunkujQUnDrwP8g=",
      "license": "MIT",
      "dependencies": {
        "safe-buffer": "~5.1.0"
      }
    },
    "node_modules/typescript": {
      "version": "5.9.3",
      "resolved": "https://registry.npm.wps.cn/typescript/download/typescript-5.9.3.tgz",
      "integrity": "sha1-W09Z4VMQqxeiFvXWz1PuR27eZw8=",
      "dev": true,
      "license": "Apache-2.0",
      "bin": {
        "tsc": "bin/tsc",
        "tsserver": "bin/tsserver"
      },
      "engines": {
        "node": ">=14.17"
      }
    },
    "node_modules/undici-types": {
      "version": "6.21.0",
      "resolved": "https://registry.npm.wps.cn/undici-types/download/undici-types-6.21.0.tgz",
      "integrity": "sha1-aR0ArzkJvpOn+qE75hs6W1DvEss=",
      "dev": true,
      "license": "MIT"
    },
    "node_modules/util-deprecate": {
      "version": "1.0.2",
      "resolved": "https://registry.npm.wps.cn/util-deprecate/download/util-deprecate-1.0.2.tgz",
      "integrity": "sha1-RQ1Nyfpw3nMnYvvS1KKJgUGaDM8=",
      "license": "MIT"
    }
  }
}
